{
  "requires": true,
  "lockfileVersion": 1,
  "dependencies": {
    "react-video-thumbnail": {
      "version": "0.1.3",
      "resolved": "https://registry.npmjs.org/react-video-thumbnail/-/react-video-thumbnail-0.1.3.tgz",
      "integrity": "sha512-ZakEVv9RNFcziAnHHtwod5tf0yMVv4aLZ8/QsCxt1HTnKRHrlylvolPKv1hr63GCwnPu6tgPjUTDKRqfl30lOQ=="
    },
    "simple-react-video-thumbnail": {
      "version": "0.0.7",
      "resolved": "https://registry.npmjs.org/simple-react-video-thumbnail/-/simple-react-video-thumbnail-0.0.7.tgz",
      "integrity": "sha512-CzSip2YBBg/PZLOO8krJmKao1/U6ppqTSQQKTe8PLppAapVZOvy6CPaRWdyR6EB8NDxev/uVv4uzfUpObpq6Mg==",
      "requires": {
        "react-video-thumbnail": "^0.1.3"
      }
    }
  }
}
